
Microsoft Visual Studio Solution File, Format Version 12.00
# Visual Studio Version 17
VisualStudioVersion = 17.3.32825.248
MinimumVisualStudioVersion = 10.0.40219.1
Project("{9A19103F-16F7-4668-BE54-9A1E7A4F7556}") = "InsertRekrutacja", "InsertRekrutacja.csproj", "{855B6037-E320-4501-950E-D85D73F1ED7C}"
EndProject
Global
	GlobalSection(SolutionConfigurationPlatforms) = preSolution
		Debug|Any CPU = Debug|Any CPU
		Release|Any CPU = Release|Any CPU
	EndGlobalSection
	GlobalSection(ProjectConfigurationPlatforms) = postSolution
		{855B6037-E320-4501-950E-D85D73F1ED7C}.Debug|Any CPU.ActiveCfg = Debug|Any CPU
		{855B6037-E320-4501-950E-D85D73F1ED7C}.Debug|Any CPU.Build.0 = Debug|Any CPU
		{855B6037-E320-4501-950E-D85D73F1ED7C}.Release|Any CPU.ActiveCfg = Release|Any CPU
		{855B6037-E320-4501-950E-D85D73F1ED7C}.Release|Any CPU.Build.0 = Release|Any CPU
	EndGlobalSection
	GlobalSection(SolutionProperties) = preSolution
		HideSolutionNode = FALSE
	EndGlobalSection
	GlobalSection(ExtensibilityGlobals) = postSolution
		SolutionGuid = {08B99D7B-72A0-4DE0-9AE4-2E1FFDC14499}
	EndGlobalSection
EndGlobal
